
Microsoft Visual Studio Solution File, Format Version 12.00
# Visual Studio Version 17
VisualStudioVersion = 17.3.32819.101
MinimumVisualStudioVersion = 10.0.40219.1
Project("{FAE04EC0-301F-11D3-BF4B-00C04F79EFBC}") = "Bauphysik", "Bauphysik\Bauphysik.csproj", "{4A87F2C5-C414-46B1-9A70-056D3876D866}"
EndProject
Global
	GlobalSection(SolutionConfigurationPlatforms) = preSolution
		Debug|Any CPU = Debug|Any CPU
		Release|Any CPU = Release|Any CPU
	EndGlobalSection
	GlobalSection(ProjectConfigurationPlatforms) = postSolution
		{4A87F2C5-C414-46B1-9A70-056D3876D866}.Debug|Any CPU.ActiveCfg = Debug|Any CPU
		{4A87F2C5-C414-46B1-9A70-056D3876D866}.Debug|Any CPU.Build.0 = Debug|Any CPU
		{4A87F2C5-C414-46B1-9A70-056D3876D866}.Release|Any CPU.ActiveCfg = Release|Any CPU
		{4A87F2C5-C414-46B1-9A70-056D3876D866}.Release|Any CPU.Build.0 = Release|Any CPU
	EndGlobalSection
	GlobalSection(SolutionProperties) = preSolution
		HideSolutionNode = FALSE
	EndGlobalSection
	GlobalSection(ExtensibilityGlobals) = postSolution
		SolutionGuid = {26CF09E7-93E5-431B-9CAE-1353B882F0E9}
	EndGlobalSection
EndGlobal
